PODS:
  - XCDYouTubeKit (2.8.0)

DEPENDENCIES:
  - XCDYouTubeKit (~> 2.8)

SPEC REPOS:
  https://github.com/cocoapods/specs.git:
    - XCDYouTubeKit

SPEC CHECKSUMS:
  XCDYouTubeKit: 207fa50f3648fc0fd1558b2496c74c3b34af982c

PODFILE CHECKSUM: a987070aa13d64ef91f09696f10dbbdeaa3a3867

COCOAPODS: 1.7.5
