// !$*UTF8*$!
{
	archiveVersion = 1;
	classes = {
	};
	objectVersion = 51;
	objects = {

/* Begin PBXBuildFile section */
		02187FC723308BA40040C5AC /* DeviceGuruExtension.swift in Sources */ = {isa = PBXBuildFile; fileRef = 02187FC623308BA40040C5AC /* DeviceGuruExtension.swift */; };
		021B5FD9232891F1000B192B /* NSObjectExtension.swift in Sources */ = {isa = PBXBuildFile; fileRef = 021B5FD7232891F1000B192B /* NSObjectExtension.swift */; };
		021B5FDA232891F1000B192B /* CGFloatExtension.swift in Sources */ = {isa = PBXBuildFile; fileRef = 021B5FD8232891F1000B192B /* CGFloatExtension.swift */; };
		021B5FDF232895FB000B192B /* NetworkRequestOperation.swift in Sources */ = {isa = PBXBuildFile; fileRef = 021B5FDC232895FB000B192B /* NetworkRequestOperation.swift */; };
		021B5FE0232895FB000B192B /* AsynchronousOperation.swift in Sources */ = {isa = PBXBuildFile; fileRef = 021B5FDD232895FB000B192B /* AsynchronousOperation.swift */; };
		021B5FE1232895FB000B192B /* APIRequest.swift in Sources */ = {isa = PBXBuildFile; fileRef = 021B5FDE232895FB000B192B /* APIRequest.swift */; };
		021B5FE52328965C000B192B /* ImageLoader.swift in Sources */ = {isa = PBXBuildFile; fileRef = 021B5FE42328965C000B192B /* ImageLoader.swift */; };
		02206909232E6492007A4BEB /* CategoryDetailVC.swift in Sources */ = {isa = PBXBuildFile; fileRef = 02206908232E6492007A4BEB /* CategoryDetailVC.swift */; };
		0220690B232E6664007A4BEB /* CategoryDetailTableViewCell.swift in Sources */ = {isa = PBXBuildFile; fileRef = 0220690A232E6664007A4BEB /* CategoryDetailTableViewCell.swift */; };
		022A4DE2232A34C8006EA137 /* NSPersistentContainerExtension.swift in Sources */ = {isa = PBXBuildFile; fileRef = 022A4DE1232A34C8006EA137 /* NSPersistentContainerExtension.swift */; };
		022A4DE4232A34DD006EA137 /* CoreDataConnect.swift in Sources */ = {isa = PBXBuildFile; fileRef = 022A4DE3232A34DD006EA137 /* CoreDataConnect.swift */; };
		022A4DE7232A3871006EA137 /* VideoCategory+CoreData.swift in Sources */ = {isa = PBXBuildFile; fileRef = 022A4DE6232A3871006EA137 /* VideoCategory+CoreData.swift */; };
		0235E0F02329C8E800A82B7F /* CategoryListTab.storyboard in Resources */ = {isa = PBXBuildFile; fileRef = 0235E0EF2329C8E800A82B7F /* CategoryListTab.storyboard */; };
		0235E0FC2329D53C00A82B7F /* StoryboardExtension.swift in Sources */ = {isa = PBXBuildFile; fileRef = 0235E0FB2329D53C00A82B7F /* StoryboardExtension.swift */; };
		023E28BD234A08DF00250013 /* Video.xcdatamodeld in Sources */ = {isa = PBXBuildFile; fileRef = 02B816A62329E80F00C81F8D /* Video.xcdatamodeld */; };
		025FB1C12346DEA000720DCE /* UIAlertActionWithAlertController.swift in Sources */ = {isa = PBXBuildFile; fileRef = 025FB1C02346DEA000720DCE /* UIAlertActionWithAlertController.swift */; };
		02644703232781A100822485 /* AppDelegate.swift in Sources */ = {isa = PBXBuildFile; fileRef = 02644702232781A100822485 /* AppDelegate.swift */; };
		0264470A232781A300822485 /* Assets.xcassets in Resources */ = {isa = PBXBuildFile; fileRef = 02644709232781A300822485 /* Assets.xcassets */; };
		0264470D232781A300822485 /* LaunchScreen.storyboard in Resources */ = {isa = PBXBuildFile; fileRef = 0264470B232781A300822485 /* LaunchScreen.storyboard */; };
		02644715232790F100822485 /* JeromeYoutubePlayerVC.swift in Sources */ = {isa = PBXBuildFile; fileRef = 02644714232790F100822485 /* JeromeYoutubePlayerVC.swift */; };
		027245B2232D006D00C86E72 /* CategoryListTableViewCell.swift in Sources */ = {isa = PBXBuildFile; fileRef = 027245B1232D006D00C86E72 /* CategoryListTableViewCell.swift */; };
		027245B4232D00B300C86E72 /* CategoryListVC.swift in Sources */ = {isa = PBXBuildFile; fileRef = 027245B3232D00B300C86E72 /* CategoryListVC.swift */; };
		02A0821D232B9CED00D68557 /* UIViewController+Alerts.swift in Sources */ = {isa = PBXBuildFile; fileRef = 02A0821C232B9CED00D68557 /* UIViewController+Alerts.swift */; };
		02A5BFAB232C7CB100E85495 /* Video+CoredData.swift in Sources */ = {isa = PBXBuildFile; fileRef = 02A5BFAA232C7CB100E85495 /* Video+CoredData.swift */; };
		02A5BFAE232C84EE00E85495 /* YoutubeHelper.swift in Sources */ = {isa = PBXBuildFile; fileRef = 02A5BFAD232C84EE00E85495 /* YoutubeHelper.swift */; };
		02A5BFB6232C932E00E85495 /* JeromeYoutubeTests.swift in Sources */ = {isa = PBXBuildFile; fileRef = 02A5BFB5232C932E00E85495 /* JeromeYoutubeTests.swift */; };
		02A5BFBD232C94CB00E85495 /* YoutubeHelper.swift in Sources */ = {isa = PBXBuildFile; fileRef = 02A5BFAD232C84EE00E85495 /* YoutubeHelper.swift */; };
		02A88DF623459537007C5C65 /* CustomWebVC.swift in Sources */ = {isa = PBXBuildFile; fileRef = 02A88DF423459537007C5C65 /* CustomWebVC.swift */; };
		02A88DF723459537007C5C65 /* CustomWebVC.xib in Resources */ = {isa = PBXBuildFile; fileRef = 02A88DF523459537007C5C65 /* CustomWebVC.xib */; };
		02A88DFB234595B4007C5C65 /* AdvancedLogger.swift in Sources */ = {isa = PBXBuildFile; fileRef = 02A88DF8234595B3007C5C65 /* AdvancedLogger.swift */; };
		02A88DFC234595B4007C5C65 /* BaseLogger.swift in Sources */ = {isa = PBXBuildFile; fileRef = 02A88DF9234595B4007C5C65 /* BaseLogger.swift */; };
		02A88DFD234595B4007C5C65 /* LogTextView.swift in Sources */ = {isa = PBXBuildFile; fileRef = 02A88DFA234595B4007C5C65 /* LogTextView.swift */; };
		02A88DFE23459606007C5C65 /* BaseLogger.swift in Sources */ = {isa = PBXBuildFile; fileRef = 02A88DF9234595B4007C5C65 /* BaseLogger.swift */; };
		02A88E00234625C5007C5C65 /* UIAlertController+Picker.swift in Sources */ = {isa = PBXBuildFile; fileRef = 02A88DFF234625C5007C5C65 /* UIAlertController+Picker.swift */; };
		02B48CCA232F30FB00F8AA85 /* YoutubePlayer.swift in Sources */ = {isa = PBXBuildFile; fileRef = 02B48CC9232F30FB00F8AA85 /* YoutubePlayer.swift */; };
		02B48CCB232F6E5D00F8AA85 /* NetworkRequestOperation.swift in Sources */ = {isa = PBXBuildFile; fileRef = 021B5FDC232895FB000B192B /* NetworkRequestOperation.swift */; };
		02B48CCC232F6E5F00F8AA85 /* AsynchronousOperation.swift in Sources */ = {isa = PBXBuildFile; fileRef = 021B5FDD232895FB000B192B /* AsynchronousOperation.swift */; };
		02B48CCD232F6E6100F8AA85 /* APIRequest.swift in Sources */ = {isa = PBXBuildFile; fileRef = 021B5FDE232895FB000B192B /* APIRequest.swift */; };
		02B48CCE232F6E6F00F8AA85 /* ImageLoader.swift in Sources */ = {isa = PBXBuildFile; fileRef = 021B5FE42328965C000B192B /* ImageLoader.swift */; };
		02B816A82329E80F00C81F8D /* Video.xcdatamodeld in Sources */ = {isa = PBXBuildFile; fileRef = 02B816A62329E80F00C81F8D /* Video.xcdatamodeld */; };
		02BEA20B23321AF300C3E317 /* VideoCoordinator.swift in Sources */ = {isa = PBXBuildFile; fileRef = 02BEA20A23321AF300C3E317 /* VideoCoordinator.swift */; };
		02BEA20D23321B9400C3E317 /* MainTabBarController.swift in Sources */ = {isa = PBXBuildFile; fileRef = 02BEA20C23321B9400C3E317 /* MainTabBarController.swift */; };
		02BEA20F23321BDA00C3E317 /* Coordinator.swift in Sources */ = {isa = PBXBuildFile; fileRef = 02BEA20E23321BDA00C3E317 /* Coordinator.swift */; };
		02DE529423482B1200007981 /* CoreDataConnect.swift in Sources */ = {isa = PBXBuildFile; fileRef = 022A4DE3232A34DD006EA137 /* CoreDataConnect.swift */; };
		02DE529523482B5200007981 /* VideoCategory+CoreData.swift in Sources */ = {isa = PBXBuildFile; fileRef = 022A4DE6232A3871006EA137 /* VideoCategory+CoreData.swift */; };
		02DE529623482B5600007981 /* Video+CoredData.swift in Sources */ = {isa = PBXBuildFile; fileRef = 02A5BFAA232C7CB100E85495 /* Video+CoredData.swift */; };
		02DE529723482B6A00007981 /* YoutubePlayer.swift in Sources */ = {isa = PBXBuildFile; fileRef = 02B48CC9232F30FB00F8AA85 /* YoutubePlayer.swift */; };
		02DE529923482BDF00007981 /* NSPersistentContainerExtension.swift in Sources */ = {isa = PBXBuildFile; fileRef = 022A4DE1232A34C8006EA137 /* NSPersistentContainerExtension.swift */; };
		02DE52A4234833F700007981 /* PersistentContainerManager.swift in Sources */ = {isa = PBXBuildFile; fileRef = 02DE52A3234833F700007981 /* PersistentContainerManager.swift */; };
		02DE52A5234833F700007981 /* PersistentContainerManager.swift in Sources */ = {isa = PBXBuildFile; fileRef = 02DE52A3234833F700007981 /* PersistentContainerManager.swift */; };
		02E12994232B3D8600E04942 /* JeromeNavigationBar.swift in Sources */ = {isa = PBXBuildFile; fileRef = 02E12993232B3D8600E04942 /* JeromeNavigationBar.swift */; };
		02E12996232B412D00E04942 /* JeromeNavigationBarStatusBarBaseVC.xib in Resources */ = {isa = PBXBuildFile; fileRef = 02E12995232B412D00E04942 /* JeromeNavigationBarStatusBarBaseVC.xib */; };
		02E1299A232B420500E04942 /* Observable.swift in Sources */ = {isa = PBXBuildFile; fileRef = 02E12998232B420400E04942 /* Observable.swift */; };
		02E1299B232B420500E04942 /* BaseViewController.swift in Sources */ = {isa = PBXBuildFile; fileRef = 02E12999232B420400E04942 /* BaseViewController.swift */; };
		02FCCAF5234ACADC00EEF6C8 /* CoreDataTests.swift in Sources */ = {isa = PBXBuildFile; fileRef = 02FCCAF4234ACADC00EEF6C8 /* CoreDataTests.swift */; };
		02FCCAF7234B655600EEF6C8 /* JePlayerVC.swift in Sources */ = {isa = PBXBuildFile; fileRef = 02FCCAF6234B655600EEF6C8 /* JePlayerVC.swift */; };
		05ED524C4876035E6A711653 /* Pods_JeromeYoutube.framework in Frameworks */ = {isa = PBXBuildFile; fileRef = 82F0D977B2D76E8429AAE042 /* Pods_JeromeYoutube.framework */; };
		3F13C63486ADEA195CFA8768 /* Pods_JeromeYoutubeTests.framework in Frameworks */ = {isa = PBXBuildFile; fileRef = EB2BCF4F9E9670A9D890A17B /* Pods_JeromeYoutubeTests.framework */; };
/* End PBXBuildFile section */

/* Begin PBXContainerItemProxy section */
		02A5BFB8232C932E00E85495 /* PBXContainerItemProxy */ = {
			isa = PBXContainerItemProxy;
			containerPortal = 026446F7232781A100822485 /* Project object */;
			proxyType = 1;
			remoteGlobalIDString = 026446FE232781A100822485;
			remoteInfo = JeromeYoutube;
		};
/* End PBXContainerItemProxy section */

/* Begin PBXFileReference section */
		02187FC623308BA40040C5AC /* DeviceGuruExtension.swift */ = {isa = PBXFileReference; lastKnownFileType = sourcecode.swift; path = DeviceGuruExtension.swift; sourceTree = "<group>"; };
		021B5FD7232891F1000B192B /* NSObjectExtension.swift */ = {isa = PBXFileReference; fileEncoding = 4; lastKnownFileType = sourcecode.swift; path = NSObjectExtension.swift; sourceTree = "<group>"; };
		021B5FD8232891F1000B192B /* CGFloatExtension.swift */ = {isa = PBXFileReference; fileEncoding = 4; lastKnownFileType = sourcecode.swift; path = CGFloatExtension.swift; sourceTree = "<group>"; };
		021B5FDC232895FB000B192B /* NetworkRequestOperation.swift */ = {isa = PBXFileReference; fileEncoding = 4; lastKnownFileType = sourcecode.swift; path = NetworkRequestOperation.swift; sourceTree = "<group>"; };
		021B5FDD232895FB000B192B /* AsynchronousOperation.swift */ = {isa = PBXFileReference; fileEncoding = 4; lastKnownFileType = sourcecode.swift; path = AsynchronousOperation.swift; sourceTree = "<group>"; };
		021B5FDE232895FB000B192B /* APIRequest.swift */ = {isa = PBXFileReference; fileEncoding = 4; lastKnownFileType = sourcecode.swift; path = APIRequest.swift; sourceTree = "<group>"; };
		021B5FE42328965C000B192B /* ImageLoader.swift */ = {isa = PBXFileReference; lastKnownFileType = sourcecode.swift; path = ImageLoader.swift; sourceTree = "<group>"; };
		02206908232E6492007A4BEB /* CategoryDetailVC.swift */ = {isa = PBXFileReference; lastKnownFileType = sourcecode.swift; path = CategoryDetailVC.swift; sourceTree = "<group>"; };
		0220690A232E6664007A4BEB /* CategoryDetailTableViewCell.swift */ = {isa = PBXFileReference; lastKnownFileType = sourcecode.swift; path = CategoryDetailTableViewCell.swift; sourceTree = "<group>"; };
		022A4DE1232A34C8006EA137 /* NSPersistentContainerExtension.swift */ = {isa = PBXFileReference; fileEncoding = 4; lastKnownFileType = sourcecode.swift; path = NSPersistentContainerExtension.swift; sourceTree = "<group>"; };
		022A4DE3232A34DD006EA137 /* CoreDataConnect.swift */ = {isa = PBXFileReference; fileEncoding = 4; lastKnownFileType = sourcecode.swift; path = CoreDataConnect.swift; sourceTree = "<group>"; };
		022A4DE6232A3871006EA137 /* VideoCategory+CoreData.swift */ = {isa = PBXFileReference; lastKnownFileType = sourcecode.swift; path = "VideoCategory+CoreData.swift"; sourceTree = "<group>"; };
		0235E0EF2329C8E800A82B7F /* CategoryListTab.storyboard */ = {isa = PBXFileReference; lastKnownFileType = file.storyboard; path = CategoryListTab.storyboard; sourceTree = "<group>"; };
		0235E0FB2329D53C00A82B7F /* StoryboardExtension.swift */ = {isa = PBXFileReference; lastKnownFileType = sourcecode.swift; path = StoryboardExtension.swift; sourceTree = "<group>"; };
		025FB1C02346DEA000720DCE /* UIAlertActionWithAlertController.swift */ = {isa = PBXFileReference; lastKnownFileType = sourcecode.swift; path = UIAlertActionWithAlertController.swift; sourceTree = "<group>"; };
		026446FF232781A100822485 /* JeromeYoutube.app */ = {isa = PBXFileReference; explicitFileType = wrapper.application; includeInIndex = 0; path = JeromeYoutube.app; sourceTree = BUILT_PRODUCTS_DIR; };
		02644702232781A100822485 /* AppDelegate.swift */ = {isa = PBXFileReference; lastKnownFileType = sourcecode.swift; path = AppDelegate.swift; sourceTree = "<group>"; };
		02644709232781A300822485 /* Assets.xcassets */ = {isa = PBXFileReference; lastKnownFileType = folder.assetcatalog; path = Assets.xcassets; sourceTree = "<group>"; };
		0264470C232781A300822485 /* Base */ = {isa = PBXFileReference; lastKnownFileType = file.storyboard; name = Base; path = Base.lproj/LaunchScreen.storyboard; sourceTree = "<group>"; };
		0264470E232781A300822485 /* Info.plist */ = {isa = PBXFileReference; lastKnownFileType = text.plist.xml; path = Info.plist; sourceTree = "<group>"; };
		02644714232790F100822485 /* JeromeYoutubePlayerVC.swift */ = {isa = PBXFileReference; lastKnownFileType = sourcecode.swift; path = JeromeYoutubePlayerVC.swift; sourceTree = "<group>"; };
		027245B1232D006D00C86E72 /* CategoryListTableViewCell.swift */ = {isa = PBXFileReference; lastKnownFileType = sourcecode.swift; path = CategoryListTableViewCell.swift; sourceTree = "<group>"; };
		027245B3232D00B300C86E72 /* CategoryListVC.swift */ = {isa = PBXFileReference; fileEncoding = 4; lastKnownFileType = sourcecode.swift; path = CategoryListVC.swift; sourceTree = "<group>"; };
		02A0821C232B9CED00D68557 /* UIViewController+Alerts.swift */ = {isa = PBXFileReference; fileEncoding = 4; lastKnownFileType = sourcecode.swift; path = "UIViewController+Alerts.swift"; sourceTree = "<group>"; };
		02A5BFAA232C7CB100E85495 /* Video+CoredData.swift */ = {isa = PBXFileReference; lastKnownFileType = sourcecode.swift; path = "Video+CoredData.swift"; sourceTree = "<group>"; };
		02A5BFAD232C84EE00E85495 /* YoutubeHelper.swift */ = {isa = PBXFileReference; lastKnownFileType = sourcecode.swift; path = YoutubeHelper.swift; sourceTree = "<group>"; };
		02A5BFB3232C932E00E85495 /* JeromeYoutubeTests.xctest */ = {isa = PBXFileReference; explicitFileType = wrapper.cfbundle; includeInIndex = 0; path = JeromeYoutubeTests.xctest; sourceTree = BUILT_PRODUCTS_DIR; };
		02A5BFB5232C932E00E85495 /* JeromeYoutubeTests.swift */ = {isa = PBXFileReference; lastKnownFileType = sourcecode.swift; path = JeromeYoutubeTests.swift; sourceTree = "<group>"; };
		02A5BFB7232C932E00E85495 /* Info.plist */ = {isa = PBXFileReference; lastKnownFileType = text.plist.xml; path = Info.plist; sourceTree = "<group>"; };
		02A88DF423459537007C5C65 /* CustomWebVC.swift */ = {isa = PBXFileReference; fileEncoding = 4; lastKnownFileType = sourcecode.swift; path = CustomWebVC.swift; sourceTree = "<group>"; };
		02A88DF523459537007C5C65 /* CustomWebVC.xib */ = {isa = PBXFileReference; fileEncoding = 4; lastKnownFileType = file.xib; path = CustomWebVC.xib; sourceTree = "<group>"; };
		02A88DF8234595B3007C5C65 /* AdvancedLogger.swift */ = {isa = PBXFileReference; fileEncoding = 4; lastKnownFileType = sourcecode.swift; path = AdvancedLogger.swift; sourceTree = "<group>"; };
		02A88DF9234595B4007C5C65 /* BaseLogger.swift */ = {isa = PBXFileReference; fileEncoding = 4; lastKnownFileType = sourcecode.swift; path = BaseLogger.swift; sourceTree = "<group>"; };
		02A88DFA234595B4007C5C65 /* LogTextView.swift */ = {isa = PBXFileReference; fileEncoding = 4; lastKnownFileType = sourcecode.swift; path = LogTextView.swift; sourceTree = "<group>"; };
		02A88DFF234625C5007C5C65 /* UIAlertController+Picker.swift */ = {isa = PBXFileReference; lastKnownFileType = sourcecode.swift; path = "UIAlertController+Picker.swift"; sourceTree = "<group>"; };
		02B48CC9232F30FB00F8AA85 /* YoutubePlayer.swift */ = {isa = PBXFileReference; lastKnownFileType = sourcecode.swift; path = YoutubePlayer.swift; sourceTree = "<group>"; };
		02B816A72329E80F00C81F8D /* Video.xcdatamodel */ = {isa = PBXFileReference; lastKnownFileType = wrapper.xcdatamodel; path = Video.xcdatamodel; sourceTree = "<group>"; };
		02BEA20A23321AF300C3E317 /* VideoCoordinator.swift */ = {isa = PBXFileReference; lastKnownFileType = sourcecode.swift; path = VideoCoordinator.swift; sourceTree = "<group>"; };
		02BEA20C23321B9400C3E317 /* MainTabBarController.swift */ = {isa = PBXFileReference; lastKnownFileType = sourcecode.swift; path = MainTabBarController.swift; sourceTree = "<group>"; };
		02BEA20E23321BDA00C3E317 /* Coordinator.swift */ = {isa = PBXFileReference; lastKnownFileType = sourcecode.swift; path = Coordinator.swift; sourceTree = "<group>"; };
		02DE52A3234833F700007981 /* PersistentContainerManager.swift */ = {isa = PBXFileReference; lastKnownFileType = sourcecode.swift; path = PersistentContainerManager.swift; sourceTree = "<group>"; };
		02E12993232B3D8600E04942 /* JeromeNavigationBar.swift */ = {isa = PBXFileReference; lastKnownFileType = sourcecode.swift; path = JeromeNavigationBar.swift; sourceTree = "<group>"; };
		02E12995232B412D00E04942 /* JeromeNavigationBarStatusBarBaseVC.xib */ = {isa = PBXFileReference; lastKnownFileType = file.xib; path = JeromeNavigationBarStatusBarBaseVC.xib; sourceTree = "<group>"; };
		02E12998232B420400E04942 /* Observable.swift */ = {isa = PBXFileReference; fileEncoding = 4; lastKnownFileType = sourcecode.swift; path = Observable.swift; sourceTree = "<group>"; };
		02E12999232B420400E04942 /* BaseViewController.swift */ = {isa = PBXFileReference; fileEncoding = 4; lastKnownFileType = sourcecode.swift; path = BaseViewController.swift; sourceTree = "<group>"; };
		02FCCAF4234ACADC00EEF6C8 /* CoreDataTests.swift */ = {isa = PBXFileReference; lastKnownFileType = sourcecode.swift; path = CoreDataTests.swift; sourceTree = "<group>"; };
		02FCCAF6234B655600EEF6C8 /* JePlayerVC.swift */ = {isa = PBXFileReference; lastKnownFileType = sourcecode.swift; path = JePlayerVC.swift; sourceTree = "<group>"; };
		1BCFF40DE32DDFEBF61850DF /* Pods-JeromeYoutubeTests.test.xcconfig */ = {isa = PBXFileReference; includeInIndex = 1; lastKnownFileType = text.xcconfig; name = "Pods-JeromeYoutubeTests.test.xcconfig"; path = "Target Support Files/Pods-JeromeYoutubeTests/Pods-JeromeYoutubeTests.test.xcconfig"; sourceTree = "<group>"; };
		37ACBD4939114AC885FEDC35 /* Pods-JeromeYoutubeTests.debug.xcconfig */ = {isa = PBXFileReference; includeInIndex = 1; lastKnownFileType = text.xcconfig; name = "Pods-JeromeYoutubeTests.debug.xcconfig"; path = "Target Support Files/Pods-JeromeYoutubeTests/Pods-JeromeYoutubeTests.debug.xcconfig"; sourceTree = "<group>"; };
		516D901C8CA643B701D9BD58 /* Pods-JeromeYoutube.testing.xcconfig */ = {isa = PBXFileReference; includeInIndex = 1; lastKnownFileType = text.xcconfig; name = "Pods-JeromeYoutube.testing.xcconfig"; path = "Target Support Files/Pods-JeromeYoutube/Pods-JeromeYoutube.testing.xcconfig"; sourceTree = "<group>"; };
		6289A19665E12B6983C90693 /* Pods-JeromeYoutube.test.xcconfig */ = {isa = PBXFileReference; includeInIndex = 1; lastKnownFileType = text.xcconfig; name = "Pods-JeromeYoutube.test.xcconfig"; path = "Target Support Files/Pods-JeromeYoutube/Pods-JeromeYoutube.test.xcconfig"; sourceTree = "<group>"; };
		7121F67B9CBCD6CEAA040FBA /* Pods-JeromeYoutubeTests.release.xcconfig */ = {isa = PBXFileReference; includeInIndex = 1; lastKnownFileType = text.xcconfig; name = "Pods-JeromeYoutubeTests.release.xcconfig"; path = "Target Support Files/Pods-JeromeYoutubeTests/Pods-JeromeYoutubeTests.release.xcconfig"; sourceTree = "<group>"; };
		82F0D977B2D76E8429AAE042 /* Pods_JeromeYoutube.framework */ = {isa = PBXFileReference; explicitFileType = wrapper.framework; includeInIndex = 0; path = Pods_JeromeYoutube.framework; sourceTree = BUILT_PRODUCTS_DIR; };
		9287628384312760E2696B78 /* Pods-JeromeYoutube.debug.xcconfig */ = {isa = PBXFileReference; includeInIndex = 1; lastKnownFileType = text.xcconfig; name = "Pods-JeromeYoutube.debug.xcconfig"; path = "Target Support Files/Pods-JeromeYoutube/Pods-JeromeYoutube.debug.xcconfig"; sourceTree = "<group>"; };
		AFE27DB6E43BD2B234621C30 /* Pods-JeromeYoutubeTests.testing.xcconfig */ = {isa = PBXFileReference; includeInIndex = 1; lastKnownFileType = text.xcconfig; name = "Pods-JeromeYoutubeTests.testing.xcconfig"; path = "Target Support Files/Pods-JeromeYoutubeTests/Pods-JeromeYoutubeTests.testing.xcconfig"; sourceTree = "<group>"; };
		D77485149F153C0B206B8A2B /* Pods-JeromeYoutube.release.xcconfig */ = {isa = PBXFileReference; includeInIndex = 1; lastKnownFileType = text.xcconfig; name = "Pods-JeromeYoutube.release.xcconfig"; path = "Target Support Files/Pods-JeromeYoutube/Pods-JeromeYoutube.release.xcconfig"; sourceTree = "<group>"; };
		EB2BCF4F9E9670A9D890A17B /* Pods_JeromeYoutubeTests.framework */ = {isa = PBXFileReference; explicitFileType = wrapper.framework; includeInIndex = 0; path = Pods_JeromeYoutubeTests.framework; sourceTree = BUILT_PRODUCTS_DIR; };
/* End PBXFileReference section */

/* Begin PBXFrameworksBuildPhase section */
		026446FC232781A100822485 /* Frameworks */ = {
			isa = PBXFrameworksBuildPhase;
			buildActionMask = 2147483647;
			files = (
				05ED524C4876035E6A711653 /* Pods_JeromeYoutube.framework in Frameworks */,
			);
			runOnlyForDeploymentPostprocessing = 0;
		};
		02A5BFB0232C932E00E85495 /* Frameworks */ = {
			isa = PBXFrameworksBuildPhase;
			buildActionMask = 2147483647;
			files = (
				3F13C63486ADEA195CFA8768 /* Pods_JeromeYoutubeTests.framework in Frameworks */,
			);
			runOnlyForDeploymentPostprocessing = 0;
		};
/* End PBXFrameworksBuildPhase section */

/* Begin PBXGroup section */
		021B5FCB23288FED000B192B /* Log */ = {
			isa = PBXGroup;
			children = (
				02A88DF8234595B3007C5C65 /* AdvancedLogger.swift */,
				02A88DF9234595B4007C5C65 /* BaseLogger.swift */,
				02A88DFA234595B4007C5C65 /* LogTextView.swift */,
			);
			path = Log;
			sourceTree = "<group>";
		};
		021B5FD6232891F1000B192B /* Utils */ = {
			isa = PBXGroup;
			children = (
				02E12997232B41F800E04942 /* Base */,
				021B5FD7232891F1000B192B /* NSObjectExtension.swift */,
				021B5FD8232891F1000B192B /* CGFloatExtension.swift */,
				0235E0FB2329D53C00A82B7F /* StoryboardExtension.swift */,
				02A0821C232B9CED00D68557 /* UIViewController+Alerts.swift */,
				02A88DFF234625C5007C5C65 /* UIAlertController+Picker.swift */,
				02187FC623308BA40040C5AC /* DeviceGuruExtension.swift */,
			);
			path = Utils;
			sourceTree = "<group>";
		};
		021B5FDB232895FB000B192B /* Network */ = {
			isa = PBXGroup;
			children = (
				021B5FDC232895FB000B192B /* NetworkRequestOperation.swift */,
				021B5FDD232895FB000B192B /* AsynchronousOperation.swift */,
				021B5FDE232895FB000B192B /* APIRequest.swift */,
			);
			path = Network;
			sourceTree = "<group>";
		};
		021B5FE223289603000B192B /* Support */ = {
			isa = PBXGroup;
			children = (
				02644709232781A300822485 /* Assets.xcassets */,
				0264470B232781A300822485 /* LaunchScreen.storyboard */,
				0264470E232781A300822485 /* Info.plist */,
			);
			path = Support;
			sourceTree = "<group>";
		};
		021B5FE323289637000B192B /* Images */ = {
			isa = PBXGroup;
			children = (
				021B5FE42328965C000B192B /* ImageLoader.swift */,
			);
			path = Images;
			sourceTree = "<group>";
		};
		02206905232E6420007A4BEB /* Video */ = {
			isa = PBXGroup;
			children = (
				02644714232790F100822485 /* JeromeYoutubePlayerVC.swift */,
				0235E0EF2329C8E800A82B7F /* CategoryListTab.storyboard */,
				027245B3232D00B300C86E72 /* CategoryListVC.swift */,
				027245B1232D006D00C86E72 /* CategoryListTableViewCell.swift */,
				02206908232E6492007A4BEB /* CategoryDetailVC.swift */,
				0220690A232E6664007A4BEB /* CategoryDetailTableViewCell.swift */,
				02FCCAF6234B655600EEF6C8 /* JePlayerVC.swift */,
			);
			path = Video;
			sourceTree = "<group>";
		};
		022A4DDE232A33FC006EA137 /* Core Data */ = {
			isa = PBXGroup;
			children = (
				022A4DE5232A382F006EA137 /* Model */,
				02B816A62329E80F00C81F8D /* Video.xcdatamodeld */,
				022A4DE1232A34C8006EA137 /* NSPersistentContainerExtension.swift */,
				022A4DE3232A34DD006EA137 /* CoreDataConnect.swift */,
				02DE52A3234833F700007981 /* PersistentContainerManager.swift */,
			);
			path = "Core Data";
			sourceTree = "<group>";
		};
		022A4DE5232A382F006EA137 /* Model */ = {
			isa = PBXGroup;
			children = (
				022A4DE6232A3871006EA137 /* VideoCategory+CoreData.swift */,
				02A5BFAA232C7CB100E85495 /* Video+CoredData.swift */,
			);
			path = Model;
			sourceTree = "<group>";
		};
		026446F6232781A100822485 = {
			isa = PBXGroup;
			children = (
				02644701232781A100822485 /* JeromeYoutube */,
				02A5BFB4232C932E00E85495 /* JeromeYoutubeTests */,
				02644700232781A100822485 /* Products */,
				8A516F3F32C270DDA8087D66 /* Pods */,
				920476C2A34AA026F8672E6B /* Frameworks */,
			);
			sourceTree = "<group>";
		};
		02644700232781A100822485 /* Products */ = {
			isa = PBXGroup;
			children = (
				026446FF232781A100822485 /* JeromeYoutube.app */,
				02A5BFB3232C932E00E85495 /* JeromeYoutubeTests.xctest */,
			);
			name = Products;
			sourceTree = "<group>";
		};
		02644701232781A100822485 /* JeromeYoutube */ = {
			isa = PBXGroup;
			children = (
				02BEA20923321ACC00C3E317 /* Coordinator */,
				02A5BFAC232C843F00E85495 /* Youtube */,
				022A4DDE232A33FC006EA137 /* Core Data */,
				021B5FE323289637000B192B /* Images */,
				021B5FDB232895FB000B192B /* Network */,
				021B5FD6232891F1000B192B /* Utils */,
				021B5FCB23288FED000B192B /* Log */,
				02644702232781A100822485 /* AppDelegate.swift */,
				02BEA20C23321B9400C3E317 /* MainTabBarController.swift */,
				02206905232E6420007A4BEB /* Video */,
				021B5FE223289603000B192B /* Support */,
			);
			path = JeromeYoutube;
			sourceTree = "<group>";
		};
		02A5BFAC232C843F00E85495 /* Youtube */ = {
			isa = PBXGroup;
			children = (
				02A5BFAD232C84EE00E85495 /* YoutubeHelper.swift */,
				02B48CC9232F30FB00F8AA85 /* YoutubePlayer.swift */,
			);
			path = Youtube;
			sourceTree = "<group>";
		};
		02A5BFB4232C932E00E85495 /* JeromeYoutubeTests */ = {
			isa = PBXGroup;
			children = (
				02A5BFB5232C932E00E85495 /* JeromeYoutubeTests.swift */,
				02A5BFB7232C932E00E85495 /* Info.plist */,
				02FCCAF4234ACADC00EEF6C8 /* CoreDataTests.swift */,
			);
			path = JeromeYoutubeTests;
			sourceTree = "<group>";
		};
		02BEA20923321ACC00C3E317 /* Coordinator */ = {
			isa = PBXGroup;
			children = (
				02BEA20A23321AF300C3E317 /* VideoCoordinator.swift */,
				02BEA20E23321BDA00C3E317 /* Coordinator.swift */,
			);
			path = Coordinator;
			sourceTree = "<group>";
		};
		02E12992232B3D7600E04942 /* UI */ = {
			isa = PBXGroup;
			children = (
				02E12995232B412D00E04942 /* JeromeNavigationBarStatusBarBaseVC.xib */,
				02E12993232B3D8600E04942 /* JeromeNavigationBar.swift */,
				02A88DF423459537007C5C65 /* CustomWebVC.swift */,
				02A88DF523459537007C5C65 /* CustomWebVC.xib */,
			);
			path = UI;
			sourceTree = "<group>";
		};
		02E12997232B41F800E04942 /* Base */ = {
			isa = PBXGroup;
			children = (
				02E12992232B3D7600E04942 /* UI */,
				02E12999232B420400E04942 /* BaseViewController.swift */,
				02E12998232B420400E04942 /* Observable.swift */,
				025FB1C02346DEA000720DCE /* UIAlertActionWithAlertController.swift */,
			);
			path = Base;
			sourceTree = "<group>";
		};
		8A516F3F32C270DDA8087D66 /* Pods */ = {
			isa = PBXGroup;
			children = (
				9287628384312760E2696B78 /* Pods-JeromeYoutube.debug.xcconfig */,
				D77485149F153C0B206B8A2B /* Pods-JeromeYoutube.release.xcconfig */,
				37ACBD4939114AC885FEDC35 /* Pods-JeromeYoutubeTests.debug.xcconfig */,
				7121F67B9CBCD6CEAA040FBA /* Pods-JeromeYoutubeTests.release.xcconfig */,
				516D901C8CA643B701D9BD58 /* Pods-JeromeYoutube.testing.xcconfig */,
				AFE27DB6E43BD2B234621C30 /* Pods-JeromeYoutubeTests.testing.xcconfig */,
				6289A19665E12B6983C90693 /* Pods-JeromeYoutube.test.xcconfig */,
				1BCFF40DE32DDFEBF61850DF /* Pods-JeromeYoutubeTests.test.xcconfig */,
			);
			path = Pods;
			sourceTree = "<group>";
		};
		920476C2A34AA026F8672E6B /* Frameworks */ = {
			isa = PBXGroup;
			children = (
				82F0D977B2D76E8429AAE042 /* Pods_JeromeYoutube.framework */,
				EB2BCF4F9E9670A9D890A17B /* Pods_JeromeYoutubeTests.framework */,
			);
			name = Frameworks;
			sourceTree = "<group>";
		};
/* End PBXGroup section */

/* Begin PBXNativeTarget section */
		026446FE232781A100822485 /* JeromeYoutube */ = {
			isa = PBXNativeTarget;
			buildConfigurationList = 02644711232781A300822485 /* Build configuration list for PBXNativeTarget "JeromeYoutube" */;
			buildPhases = (
				8400A6945E622881CE160673 /* [CP] Check Pods Manifest.lock */,
				026447162327C8A200822485 /* R.swift Run Script */,
				026447172327C8BE00822485 /* SwiftLint Run Script */,
				026446FB232781A100822485 /* Sources */,
				026446FC232781A100822485 /* Frameworks */,
				026446FD232781A100822485 /* Resources */,
				629A68C56D3524F98A51D5E2 /* [CP] Embed Pods Frameworks */,
			);
			buildRules = (
			);
			dependencies = (
			);
			name = JeromeYoutube;
			productName = JeromeYoutube;
			productReference = 026446FF232781A100822485 /* JeromeYoutube.app */;
			productType = "com.apple.product-type.application";
		};
		02A5BFB2232C932E00E85495 /* JeromeYoutubeTests */ = {
			isa = PBXNativeTarget;
			buildConfigurationList = 02A5BFBA232C932E00E85495 /* Build configuration list for PBXNativeTarget "JeromeYoutubeTests" */;
			buildPhases = (
				C3B68500EB2FE0646EE9591B /* [CP] Check Pods Manifest.lock */,
				02A5BFAF232C932E00E85495 /* Sources */,
				02A5BFB0232C932E00E85495 /* Frameworks */,
				02A5BFB1232C932E00E85495 /* Resources */,
			);
			buildRules = (
			);
			dependencies = (
				02A5BFB9232C932E00E85495 /* PBXTargetDependency */,
			);
			name = JeromeYoutubeTests;
			productName = JeromeYoutubeTests;
			productReference = 02A5BFB3232C932E00E85495 /* JeromeYoutubeTests.xctest */;
			productType = "com.apple.product-type.bundle.unit-test";
		};
/* End PBXNativeTarget section */

/* Begin PBXProject section */
		026446F7232781A100822485 /* Project object */ = {
			isa = PBXProject;
			attributes = {
				LastSwiftUpdateCheck = 1030;
				LastUpgradeCheck = 1030;
				ORGANIZATIONNAME = jerome;
				TargetAttributes = {
					026446FE232781A100822485 = {
						CreatedOnToolsVersion = 10.3;
						SystemCapabilities = {
							com.apple.BackgroundModes = {
								enabled = 1;
							};
						};
					};
					02A5BFB2232C932E00E85495 = {
						CreatedOnToolsVersion = 10.3;
						TestTargetID = 026446FE232781A100822485;
					};
				};
			};
			buildConfigurationList = 026446FA232781A100822485 /* Build configuration list for PBXProject "JeromeYoutube" */;
			compatibilityVersion = "Xcode 9.3";
			developmentRegion = en;
			hasScannedForEncodings = 0;
			knownRegions = (
				en,
				Base,
			);
			mainGroup = 026446F6232781A100822485;
			productRefGroup = 02644700232781A100822485 /* Products */;
			projectDirPath = "";
			projectRoot = "";
			targets = (
				026446FE232781A100822485 /* JeromeYoutube */,
				02A5BFB2232C932E00E85495 /* JeromeYoutubeTests */,
			);
		};
/* End PBXProject section */

/* Begin PBXResourcesBuildPhase section */
		026446FD232781A100822485 /* Resources */ = {
			isa = PBXResourcesBuildPhase;
			buildActionMask = 2147483647;
			files = (
				0264470D232781A300822485 /* LaunchScreen.storyboard in Resources */,
				0264470A232781A300822485 /* Assets.xcassets in Resources */,
				0235E0F02329C8E800A82B7F /* CategoryListTab.storyboard in Resources */,
				02A88DF723459537007C5C65 /* CustomWebVC.xib in Resources */,
				02E12996232B412D00E04942 /* JeromeNavigationBarStatusBarBaseVC.xib in Resources */,
			);
			runOnlyForDeploymentPostprocessing = 0;
		};
		02A5BFB1232C932E00E85495 /* Resources */ = {
			isa = PBXResourcesBuildPhase;
			buildActionMask = 2147483647;
			files = (
			);
			runOnlyForDeploymentPostprocessing = 0;
		};
/* End PBXResourcesBuildPhase section */

/* Begin PBXShellScriptBuildPhase section */
		026447162327C8A200822485 /* R.swift Run Script */ = {
			isa = PBXShellScriptBuildPhase;
			buildActionMask = 2147483647;
			files = (
			);
			inputFileListPaths = (
			);
			inputPaths = (
				"$TEMP_DIR/rswift-lastrun",
			);
			name = "R.swift Run Script";
			outputFileListPaths = (
			);
			outputPaths = (
				$SRCROOT/R.generated.swift,
			);
			runOnlyForDeploymentPostprocessing = 0;
			shellPath = /bin/sh;
			shellScript = "# Type a script or drag a script file from your workspace to insert its path.\n\"$PODS_ROOT/R.swift/rswift\" generate \"$SRCROOT/R.generated.swift\"\n";
		};
		026447172327C8BE00822485 /* SwiftLint Run Script */ = {
			isa = PBXShellScriptBuildPhase;
			buildActionMask = 2147483647;
			files = (
			);
			inputFileListPaths = (
			);
			inputPaths = (
			);
			name = "SwiftLint Run Script";
			outputFileListPaths = (
			);
			outputPaths = (
			);
			runOnlyForDeploymentPostprocessing = 0;
			shellPath = /bin/sh;
			shellScript = "# Type a script or drag a script file from your workspace to insert its path.\n\"${PODS_ROOT}/SwiftLint/swiftlint\"\n";
		};
		629A68C56D3524F98A51D5E2 /* [CP] Embed Pods Frameworks */ = {
			isa = PBXShellScriptBuildPhase;
			buildActionMask = 2147483647;
			files = (
			);
			inputFileListPaths = (
				"${PODS_ROOT}/Target Support Files/Pods-JeromeYoutube/Pods-JeromeYoutube-frameworks-${CONFIGURATION}-input-files.xcfilelist",
			);
			name = "[CP] Embed Pods Frameworks";
			outputFileListPaths = (
				"${PODS_ROOT}/Target Support Files/Pods-JeromeYoutube/Pods-JeromeYoutube-frameworks-${CONFIGURATION}-output-files.xcfilelist",
			);
			runOnlyForDeploymentPostprocessing = 0;
			shellPath = /bin/sh;
			shellScript = "\"${PODS_ROOT}/Target Support Files/Pods-JeromeYoutube/Pods-JeromeYoutube-frameworks.sh\"\n";
			showEnvVarsInLog = 0;
		};
		8400A6945E622881CE160673 /* [CP] Check Pods Manifest.lock */ = {
			isa = PBXShellScriptBuildPhase;
			buildActionMask = 2147483647;
			files = (
			);
			inputFileListPaths = (
			);
			inputPaths = (
				"${PODS_PODFILE_DIR_PATH}/Podfile.lock",
				"${PODS_ROOT}/Manifest.lock",
			);
			name = "[CP] Check Pods Manifest.lock";
			outputFileListPaths = (
			);
			outputPaths = (
				"$(DERIVED_FILE_DIR)/Pods-JeromeYoutube-checkManifestLockResult.txt",
			);
			runOnlyForDeploymentPostprocessing = 0;
			shellPath = /bin/sh;
			shellScript = "diff \"${PODS_PODFILE_DIR_PATH}/Podfile.lock\" \"${PODS_ROOT}/Manifest.lock\" > /dev/null\nif [ $? != 0 ] ; then\n    # print error to STDERR\n    echo \"error: The sandbox is not in sync with the Podfile.lock. Run 'pod install' or update your CocoaPods installation.\" >&2\n    exit 1\nfi\n# This output is used by Xcode 'outputs' to avoid re-running this script phase.\necho \"SUCCESS\" > \"${SCRIPT_OUTPUT_FILE_0}\"\n";
			showEnvVarsInLog = 0;
		};
		C3B68500EB2FE0646EE9591B /* [CP] Check Pods Manifest.lock */ = {
			isa = PBXShellScriptBuildPhase;
			buildActionMask = 2147483647;
			files = (
			);
			inputFileListPaths = (
			);
			inputPaths = (
				"${PODS_PODFILE_DIR_PATH}/Podfile.lock",
				"${PODS_ROOT}/Manifest.lock",
			);
			name = "[CP] Check Pods Manifest.lock";
			outputFileListPaths = (
			);
			outputPaths = (
				"$(DERIVED_FILE_DIR)/Pods-JeromeYoutubeTests-checkManifestLockResult.txt",
			);
			runOnlyForDeploymentPostprocessing = 0;
			shellPath = /bin/sh;
			shellScript = "diff \"${PODS_PODFILE_DIR_PATH}/Podfile.lock\" \"${PODS_ROOT}/Manifest.lock\" > /dev/null\nif [ $? != 0 ] ; then\n    # print error to STDERR\n    echo \"error: The sandbox is not in sync with the Podfile.lock. Run 'pod install' or update your CocoaPods installation.\" >&2\n    exit 1\nfi\n# This output is used by Xcode 'outputs' to avoid re-running this script phase.\necho \"SUCCESS\" > \"${SCRIPT_OUTPUT_FILE_0}\"\n";
			showEnvVarsInLog = 0;
		};
/* End PBXShellScriptBuildPhase section */

/* Begin PBXSourcesBuildPhase section */
		026446FB232781A100822485 /* Sources */ = {
			isa = PBXSourcesBuildPhase;
			buildActionMask = 2147483647;
			files = (
				02A88DF623459537007C5C65 /* CustomWebVC.swift in Sources */,
				02DE52A4234833F700007981 /* PersistentContainerManager.swift in Sources */,
				021B5FD9232891F1000B192B /* NSObjectExtension.swift in Sources */,
				02A88E00234625C5007C5C65 /* UIAlertController+Picker.swift in Sources */,
				022A4DE4232A34DD006EA137 /* CoreDataConnect.swift in Sources */,
				02B816A82329E80F00C81F8D /* Video.xcdatamodeld in Sources */,
				022A4DE7232A3871006EA137 /* VideoCategory+CoreData.swift in Sources */,
				022A4DE2232A34C8006EA137 /* NSPersistentContainerExtension.swift in Sources */,
				02A88DFC234595B4007C5C65 /* BaseLogger.swift in Sources */,
				02644703232781A100822485 /* AppDelegate.swift in Sources */,
				02187FC723308BA40040C5AC /* DeviceGuruExtension.swift in Sources */,
				02A5BFAB232C7CB100E85495 /* Video+CoredData.swift in Sources */,
				02A88DFD234595B4007C5C65 /* LogTextView.swift in Sources */,
				02A88DFB234595B4007C5C65 /* AdvancedLogger.swift in Sources */,
				021B5FDF232895FB000B192B /* NetworkRequestOperation.swift in Sources */,
				02E1299A232B420500E04942 /* Observable.swift in Sources */,
				02FCCAF7234B655600EEF6C8 /* JePlayerVC.swift in Sources */,
				021B5FE52328965C000B192B /* ImageLoader.swift in Sources */,
				02BEA20B23321AF300C3E317 /* VideoCoordinator.swift in Sources */,
				02E12994232B3D8600E04942 /* JeromeNavigationBar.swift in Sources */,
				02E1299B232B420500E04942 /* BaseViewController.swift in Sources */,
				02BEA20F23321BDA00C3E317 /* Coordinator.swift in Sources */,
				0220690B232E6664007A4BEB /* CategoryDetailTableViewCell.swift in Sources */,
				0235E0FC2329D53C00A82B7F /* StoryboardExtension.swift in Sources */,
				02B48CCA232F30FB00F8AA85 /* YoutubePlayer.swift in Sources */,
				021B5FE1232895FB000B192B /* APIRequest.swift in Sources */,
				02A0821D232B9CED00D68557 /* UIViewController+Alerts.swift in Sources */,
				02A5BFAE232C84EE00E85495 /* YoutubeHelper.swift in Sources */,
				021B5FE0232895FB000B192B /* AsynchronousOperation.swift in Sources */,
				025FB1C12346DEA000720DCE /* UIAlertActionWithAlertController.swift in Sources */,
				021B5FDA232891F1000B192B /* CGFloatExtension.swift in Sources */,
				02206909232E6492007A4BEB /* CategoryDetailVC.swift in Sources */,
				02644715232790F100822485 /* JeromeYoutubePlayerVC.swift in Sources */,
				02BEA20D23321B9400C3E317 /* MainTabBarController.swift in Sources */,
				027245B4232D00B300C86E72 /* CategoryListVC.swift in Sources */,
				027245B2232D006D00C86E72 /* CategoryListTableViewCell.swift in Sources */,
			);
			runOnlyForDeploymentPostprocessing = 0;
		};
		02A5BFAF232C932E00E85495 /* Sources */ = {
			isa = PBXSourcesBuildPhase;
			buildActionMask = 2147483647;
			files = (
				02DE529723482B6A00007981 /* YoutubePlayer.swift in Sources */,
				02A5BFB6232C932E00E85495 /* JeromeYoutubeTests.swift in Sources */,
				02A88DFE23459606007C5C65 /* BaseLogger.swift in Sources */,
				023E28BD234A08DF00250013 /* Video.xcdatamodeld in Sources */,
				02A5BFBD232C94CB00E85495 /* YoutubeHelper.swift in Sources */,
				02DE52A5234833F700007981 /* PersistentContainerManager.swift in Sources */,
				02DE529623482B5600007981 /* Video+CoredData.swift in Sources */,
				02B48CCE232F6E6F00F8AA85 /* ImageLoader.swift in Sources */,
				02DE529523482B5200007981 /* VideoCategory+CoreData.swift in Sources */,
				02DE529923482BDF00007981 /* NSPersistentContainerExtension.swift in Sources */,
				02B48CCB232F6E5D00F8AA85 /* NetworkRequestOperation.swift in Sources */,
				02DE529423482B1200007981 /* CoreDataConnect.swift in Sources */,
				02B48CCD232F6E6100F8AA85 /* APIRequest.swift in Sources */,
				02B48CCC232F6E5F00F8AA85 /* AsynchronousOperation.swift in Sources */,
				02FCCAF5234ACADC00EEF6C8 /* CoreDataTests.swift in Sources */,
			);
			runOnlyForDeploymentPostprocessing = 0;
		};
/* End PBXSourcesBuildPhase section */

/* Begin PBXTargetDependency section */
		02A5BFB9232C932E00E85495 /* PBXTargetDependency */ = {
			isa = PBXTargetDependency;
			target = 026446FE232781A100822485 /* JeromeYoutube */;
			targetProxy = 02A5BFB8232C932E00E85495 /* PBXContainerItemProxy */;
		};
/* End PBXTargetDependency section */

/* Begin PBXVariantGroup section */
		0264470B232781A300822485 /* LaunchScreen.storyboard */ = {
			isa = PBXVariantGroup;
			children = (
				0264470C232781A300822485 /* Base */,
			);
			name = LaunchScreen.storyboard;
			sourceTree = "<group>";
		};
/* End PBXVariantGroup section */

/* Begin XCBuildConfiguration section */
		02343ECA2348C5C6006E20F5 /* Test */ = {
			isa = XCBuildConfiguration;
			buildSettings = {
				ALWAYS_SEARCH_USER_PATHS = NO;
				CLANG_ANALYZER_NONNULL = YES;
				CLANG_ANALYZER_NUMBER_OBJECT_CONVERSION = YES_AGGRESSIVE;
				CLANG_CXX_LANGUAGE_STANDARD = "gnu++14";
				CLANG_CXX_LIBRARY = "libc++";
				CLANG_ENABLE_MODULES = YES;
				CLANG_ENABLE_OBJC_ARC = YES;
				CLANG_ENABLE_OBJC_WEAK = YES;
				CLANG_WARN_BLOCK_CAPTURE_AUTORELEASING = YES;
				CLANG_WARN_BOOL_CONVERSION = YES;
				CLANG_WARN_COMMA = YES;
				CLANG_WARN_CONSTANT_CONVERSION = YES;
				CLANG_WARN_DEPRECATED_OBJC_IMPLEMENTATIONS = YES;
				CLANG_WARN_DIRECT_OBJC_ISA_USAGE = YES_ERROR;
				CLANG_WARN_DOCUMENTATION_COMMENTS = YES;
				CLANG_WARN_EMPTY_BODY = YES;
				CLANG_WARN_ENUM_CONVERSION = YES;
				CLANG_WARN_INFINITE_RECURSION = YES;
				CLANG_WARN_INT_CONVERSION = YES;
				CLANG_WARN_NON_LITERAL_NULL_CONVERSION = YES;
				CLANG_WARN_OBJC_IMPLICIT_RETAIN_SELF = YES;
				CLANG_WARN_OBJC_LITERAL_CONVERSION = YES;
				CLANG_WARN_OBJC_ROOT_CLASS = YES_ERROR;
				CLANG_WARN_RANGE_LOOP_ANALYSIS = YES;
				CLANG_WARN_STRICT_PROTOTYPES = YES;
				CLANG_WARN_SUSPICIOUS_MOVE = YES;
				CLANG_WARN_UNGUARDED_AVAILABILITY = YES_AGGRESSIVE;
				CLANG_WARN_UNREACHABLE_CODE = YES;
				CLANG_WARN__DUPLICATE_METHOD_MATCH = YES;
				CODE_SIGN_IDENTITY = "iPhone Developer";
				COPY_PHASE_STRIP = NO;
				DEBUG_INFORMATION_FORMAT = dwarf;
				ENABLE_STRICT_OBJC_MSGSEND = YES;
				ENABLE_TESTABILITY = YES;
				GCC_C_LANGUAGE_STANDARD = gnu11;
				GCC_DYNAMIC_NO_PIC = NO;
				GCC_NO_COMMON_BLOCKS = YES;
				GCC_OPTIMIZATION_LEVEL = 0;
				GCC_PREPROCESSOR_DEFINITIONS = (
					"DEBUG=1",
					"$(inherited)",
				);
				GCC_WARN_64_TO_32_BIT_CONVERSION = YES;
				GCC_WARN_ABOUT_RETURN_TYPE = YES_ERROR;
				GCC_WARN_UNDECLARED_SELECTOR = YES;
				GCC_WARN_UNINITIALIZED_AUTOS = YES_AGGRESSIVE;
				GCC_WARN_UNUSED_FUNCTION = YES;
				GCC_WARN_UNUSED_VARIABLE = YES;
				IPHONEOS_DEPLOYMENT_TARGET = 12.4;
				MTL_ENABLE_DEBUG_INFO = INCLUDE_SOURCE;
				MTL_FAST_MATH = YES;
				ONLY_ACTIVE_ARCH = YES;
				SDKROOT = iphoneos;
				SWIFT_ACTIVE_COMPILATION_CONDITIONS = DEBUG;
				SWIFT_OPTIMIZATION_LEVEL = "-Onone";
			};
			name = Test;
		};
		02343ECB2348C5C6006E20F5 /* Test */ = {
			isa = XCBuildConfiguration;
			baseConfigurationReference = 6289A19665E12B6983C90693 /* Pods-JeromeYoutube.test.xcconfig */;
			buildSettings = {
				ASSETCATALOG_COMPILER_APPICON_NAME = AppIcon;
				CODE_SIGN_IDENTITY = "Apple Development";
				CODE_SIGN_STYLE = Automatic;
				DEVELOPMENT_TEAM = 47FGBWZVJ9;
				INFOPLIST_FILE = JeromeYoutube/Support/Info.plist;
				IPHONEOS_DEPLOYMENT_TARGET = 12.0;
				LD_RUNPATH_SEARCH_PATHS = (
					"$(inherited)",
					"@executable_path/Frameworks",
				);
				OTHER_SWIFT_FLAGS = "$(inherited) -D COCOAPODS -DTEST";
				PRODUCT_BUNDLE_IDENTIFIER = me.jerome.JeromeYoutube;
				PRODUCT_NAME = "$(TARGET_NAME)";
				PROVISIONING_PROFILE_SPECIFIER = "";
				SWIFT_VERSION = 5.0;
				TARGETED_DEVICE_FAMILY = "1,2";
			};
			name = Test;
		};
		02343ECC2348C5C6006E20F5 /* Test */ = {
			isa = XCBuildConfiguration;
			baseConfigurationReference = 1BCFF40DE32DDFEBF61850DF /* Pods-JeromeYoutubeTests.test.xcconfig */;
			buildSettings = {
				BUNDLE_LOADER = "$(TEST_HOST)";
				CODE_SIGN_STYLE = Automatic;
				DEVELOPMENT_TEAM = 47FGBWZVJ9;
				GCC_PREPROCESSOR_DEFINITIONS = (
					"DEBUG=1",
					"$(inherited)",
				);
				INFOPLIST_FILE = JeromeYoutubeTests/Info.plist;
				LD_RUNPATH_SEARCH_PATHS = (
					"$(inherited)",
					"@executable_path/Frameworks",
					"@loader_path/Frameworks",
				);
				OTHER_SWIFT_FLAGS = "-DTEST";
				PRODUCT_BUNDLE_IDENTIFIER = me.jerome.JeromeYoutubeTests;
				PRODUCT_NAME = "$(TARGET_NAME)";
				SWIFT_VERSION = 5.0;
				TARGETED_DEVICE_FAMILY = "1,2";
				TEST_HOST = "$(BUILT_PRODUCTS_DIR)/JeromeYoutube.app/JeromeYoutube";
			};
			name = Test;
		};
		0264470F232781A300822485 /* Debug */ = {
			isa = XCBuildConfiguration;
			buildSettings = {
				ALWAYS_SEARCH_USER_PATHS = NO;
				CLANG_ANALYZER_NONNULL = YES;
				CLANG_ANALYZER_NUMBER_OBJECT_CONVERSION = YES_AGGRESSIVE;
				CLANG_CXX_LANGUAGE_STANDARD = "gnu++14";
				CLANG_CXX_LIBRARY = "libc++";
				CLANG_ENABLE_MODULES = YES;
				CLANG_ENABLE_OBJC_ARC = YES;
				CLANG_ENABLE_OBJC_WEAK = YES;
				CLANG_WARN_BLOCK_CAPTURE_AUTORELEASING = YES;
				CLANG_WARN_BOOL_CONVERSION = YES;
				CLANG_WARN_COMMA = YES;
				CLANG_WARN_CONSTANT_CONVERSION = YES;
				CLANG_WARN_DEPRECATED_OBJC_IMPLEMENTATIONS = YES;
				CLANG_WARN_DIRECT_OBJC_ISA_USAGE = YES_ERROR;
				CLANG_WARN_DOCUMENTATION_COMMENTS = YES;
				CLANG_WARN_EMPTY_BODY = YES;
				CLANG_WARN_ENUM_CONVERSION = YES;
				CLANG_WARN_INFINITE_RECURSION = YES;
				CLANG_WARN_INT_CONVERSION = YES;
				CLANG_WARN_NON_LITERAL_NULL_CONVERSION = YES;
				CLANG_WARN_OBJC_IMPLICIT_RETAIN_SELF = YES;
				CLANG_WARN_OBJC_LITERAL_CONVERSION = YES;
				CLANG_WARN_OBJC_ROOT_CLASS = YES_ERROR;
				CLANG_WARN_RANGE_LOOP_ANALYSIS = YES;
				CLANG_WARN_STRICT_PROTOTYPES = YES;
				CLANG_WARN_SUSPICIOUS_MOVE = YES;
				CLANG_WARN_UNGUARDED_AVAILABILITY = YES_AGGRESSIVE;
				CLANG_WARN_UNREACHABLE_CODE = YES;
				CLANG_WARN__DUPLICATE_METHOD_MATCH = YES;
				CODE_SIGN_IDENTITY = "iPhone Developer";
				COPY_PHASE_STRIP = NO;
				DEBUG_INFORMATION_FORMAT = dwarf;
				ENABLE_STRICT_OBJC_MSGSEND = YES;
				ENABLE_TESTABILITY = YES;
				GCC_C_LANGUAGE_STANDARD = gnu11;
				GCC_DYNAMIC_NO_PIC = NO;
				GCC_NO_COMMON_BLOCKS = YES;
				GCC_OPTIMIZATION_LEVEL = 0;
				GCC_PREPROCESSOR_DEFINITIONS = (
					"DEBUG=1",
					"$(inherited)",
				);
				GCC_WARN_64_TO_32_BIT_CONVERSION = YES;
				GCC_WARN_ABOUT_RETURN_TYPE = YES_ERROR;
				GCC_WARN_UNDECLARED_SELECTOR = YES;
				GCC_WARN_UNINITIALIZED_AUTOS = YES_AGGRESSIVE;
				GCC_WARN_UNUSED_FUNCTION = YES;
				GCC_WARN_UNUSED_VARIABLE = YES;
				IPHONEOS_DEPLOYMENT_TARGET = 12.4;
				MTL_ENABLE_DEBUG_INFO = INCLUDE_SOURCE;
				MTL_FAST_MATH = YES;
				ONLY_ACTIVE_ARCH = YES;
				SDKROOT = iphoneos;
				SWIFT_ACTIVE_COMPILATION_CONDITIONS = DEBUG;
				SWIFT_OPTIMIZATION_LEVEL = "-Onone";
			};
			name = Debug;
		};
		02644710232781A300822485 /* Release */ = {
			isa = XCBuildConfiguration;
			buildSettings = {
				ALWAYS_SEARCH_USER_PATHS = NO;
				CLANG_ANALYZER_NONNULL = YES;
				CLANG_ANALYZER_NUMBER_OBJECT_CONVERSION = YES_AGGRESSIVE;
				CLANG_CXX_LANGUAGE_STANDARD = "gnu++14";
				CLANG_CXX_LIBRARY = "libc++";
				CLANG_ENABLE_MODULES = YES;
				CLANG_ENABLE_OBJC_ARC = YES;
				CLANG_ENABLE_OBJC_WEAK = YES;
				CLANG_WARN_BLOCK_CAPTURE_AUTORELEASING = YES;
				CLANG_WARN_BOOL_CONVERSION = YES;
				CLANG_WARN_COMMA = YES;
				CLANG_WARN_CONSTANT_CONVERSION = YES;
				CLANG_WARN_DEPRECATED_OBJC_IMPLEMENTATIONS = YES;
				CLANG_WARN_DIRECT_OBJC_ISA_USAGE = YES_ERROR;
				CLANG_WARN_DOCUMENTATION_COMMENTS = YES;
				CLANG_WARN_EMPTY_BODY = YES;
				CLANG_WARN_ENUM_CONVERSION = YES;
				CLANG_WARN_INFINITE_RECURSION = YES;
				CLANG_WARN_INT_CONVERSION = YES;
				CLANG_WARN_NON_LITERAL_NULL_CONVERSION = YES;
				CLANG_WARN_OBJC_IMPLICIT_RETAIN_SELF = YES;
				CLANG_WARN_OBJC_LITERAL_CONVERSION = YES;
				CLANG_WARN_OBJC_ROOT_CLASS = YES_ERROR;
				CLANG_WARN_RANGE_LOOP_ANALYSIS = YES;
				CLANG_WARN_STRICT_PROTOTYPES = YES;
				CLANG_WARN_SUSPICIOUS_MOVE = YES;
				CLANG_WARN_UNGUARDED_AVAILABILITY = YES_AGGRESSIVE;
				CLANG_WARN_UNREACHABLE_CODE = YES;
				CLANG_WARN__DUPLICATE_METHOD_MATCH = YES;
				CODE_SIGN_IDENTITY = "iPhone Developer";
				COPY_PHASE_STRIP = NO;
				DEBUG_INFORMATION_FORMAT = "dwarf-with-dsym";
				ENABLE_NS_ASSERTIONS = NO;
				ENABLE_STRICT_OBJC_MSGSEND = YES;
				GCC_C_LANGUAGE_STANDARD = gnu11;
				GCC_NO_COMMON_BLOCKS = YES;
				GCC_WARN_64_TO_32_BIT_CONVERSION = YES;
				GCC_WARN_ABOUT_RETURN_TYPE = YES_ERROR;
				GCC_WARN_UNDECLARED_SELECTOR = YES;
				GCC_WARN_UNINITIALIZED_AUTOS = YES_AGGRESSIVE;
				GCC_WARN_UNUSED_FUNCTION = YES;
				GCC_WARN_UNUSED_VARIABLE = YES;
				IPHONEOS_DEPLOYMENT_TARGET = 12.4;
				MTL_ENABLE_DEBUG_INFO = NO;
				MTL_FAST_MATH = YES;
				SDKROOT = iphoneos;
				SWIFT_COMPILATION_MODE = wholemodule;
				SWIFT_OPTIMIZATION_LEVEL = "-O";
				VALIDATE_PRODUCT = YES;
			};
			name = Release;
		};
		02644712232781A300822485 /* Debug */ = {
			isa = XCBuildConfiguration;
			baseConfigurationReference = 9287628384312760E2696B78 /* Pods-JeromeYoutube.debug.xcconfig */;
			buildSettings = {
				ASSETCATALOG_COMPILER_APPICON_NAME = AppIcon;
				CODE_SIGN_IDENTITY = "Apple Development";
				CODE_SIGN_STYLE = Automatic;
				DEVELOPMENT_TEAM = 47FGBWZVJ9;
				INFOPLIST_FILE = JeromeYoutube/Support/Info.plist;
				IPHONEOS_DEPLOYMENT_TARGET = 12.0;
				LD_RUNPATH_SEARCH_PATHS = (
					"$(inherited)",
					"@executable_path/Frameworks",
				);
				PRODUCT_BUNDLE_IDENTIFIER = me.jerome.JeromeYoutube;
				PRODUCT_NAME = "$(TARGET_NAME)";
				PROVISIONING_PROFILE_SPECIFIER = "";
				SWIFT_VERSION = 5.0;
				TARGETED_DEVICE_FAMILY = "1,2";
			};
			name = Debug;
		};
		02644713232781A300822485 /* Release */ = {
			isa = XCBuildConfiguration;
			baseConfigurationReference = D77485149F153C0B206B8A2B /* Pods-JeromeYoutube.release.xcconfig */;
			buildSettings = {
				ASSETCATALOG_COMPILER_APPICON_NAME = AppIcon;
				CODE_SIGN_IDENTITY = "Apple Development";
				CODE_SIGN_STYLE = Automatic;
				DEVELOPMENT_TEAM = 47FGBWZVJ9;
				INFOPLIST_FILE = JeromeYoutube/Support/Info.plist;
				IPHONEOS_DEPLOYMENT_TARGET = 12.0;
				LD_RUNPATH_SEARCH_PATHS = (
					"$(inherited)",
					"@executable_path/Frameworks",
				);
				PRODUCT_BUNDLE_IDENTIFIER = me.jerome.JeromeYoutube;
				PRODUCT_NAME = "$(TARGET_NAME)";
				PROVISIONING_PROFILE_SPECIFIER = "";
				SWIFT_VERSION = 5.0;
				TARGETED_DEVICE_FAMILY = "1,2";
			};
			name = Release;
		};
		02A5BFBB232C932E00E85495 /* Debug */ = {
			isa = XCBuildConfiguration;
			baseConfigurationReference = 37ACBD4939114AC885FEDC35 /* Pods-JeromeYoutubeTests.debug.xcconfig */;
			buildSettings = {
				BUNDLE_LOADER = "$(TEST_HOST)";
				CODE_SIGN_STYLE = Automatic;
				DEVELOPMENT_TEAM = 47FGBWZVJ9;
				GCC_PREPROCESSOR_DEFINITIONS = (
					"DEBUG=1",
					"$(inherited)",
				);
				INFOPLIST_FILE = JeromeYoutubeTests/Info.plist;
				LD_RUNPATH_SEARCH_PATHS = (
					"$(inherited)",
					"@executable_path/Frameworks",
					"@loader_path/Frameworks",
				);
				OTHER_SWIFT_FLAGS = "-DTEST";
				PRODUCT_BUNDLE_IDENTIFIER = me.jerome.JeromeYoutubeTests;
				PRODUCT_NAME = "$(TARGET_NAME)";
				SWIFT_VERSION = 5.0;
				TARGETED_DEVICE_FAMILY = "1,2";
				TEST_HOST = "$(BUILT_PRODUCTS_DIR)/JeromeYoutube.app/JeromeYoutube";
			};
			name = Debug;
		};
		02A5BFBC232C932E00E85495 /* Release */ = {
			isa = XCBuildConfiguration;
			baseConfigurationReference = 7121F67B9CBCD6CEAA040FBA /* Pods-JeromeYoutubeTests.release.xcconfig */;
			buildSettings = {
				BUNDLE_LOADER = "$(TEST_HOST)";
				CODE_SIGN_STYLE = Automatic;
				DEVELOPMENT_TEAM = 47FGBWZVJ9;
				INFOPLIST_FILE = JeromeYoutubeTests/Info.plist;
				LD_RUNPATH_SEARCH_PATHS = (
					"$(inherited)",
					"@executable_path/Frameworks",
					"@loader_path/Frameworks",
				);
				OTHER_SWIFT_FLAGS = "-DTEST";
				PRODUCT_BUNDLE_IDENTIFIER = me.jerome.JeromeYoutubeTests;
				PRODUCT_NAME = "$(TARGET_NAME)";
				SWIFT_VERSION = 5.0;
				TARGETED_DEVICE_FAMILY = "1,2";
				TEST_HOST = "$(BUILT_PRODUCTS_DIR)/JeromeYoutube.app/JeromeYoutube";
			};
			name = Release;
		};
/* End XCBuildConfiguration section */

/* Begin XCConfigurationList section */
		026446FA232781A100822485 /* Build configuration list for PBXProject "JeromeYoutube" */ = {
			isa = XCConfigurationList;
			buildConfigurations = (
				0264470F232781A300822485 /* Debug */,
				02343ECA2348C5C6006E20F5 /* Test */,
				02644710232781A300822485 /* Release */,
			);
			defaultConfigurationIsVisible = 0;
			defaultConfigurationName = Release;
		};
		02644711232781A300822485 /* Build configuration list for PBXNativeTarget "JeromeYoutube" */ = {
			isa = XCConfigurationList;
			buildConfigurations = (
				02644712232781A300822485 /* Debug */,
				02343ECB2348C5C6006E20F5 /* Test */,
				02644713232781A300822485 /* Release */,
			);
			defaultConfigurationIsVisible = 0;
			defaultConfigurationName = Release;
		};
		02A5BFBA232C932E00E85495 /* Build configuration list for PBXNativeTarget "JeromeYoutubeTests" */ = {
			isa = XCConfigurationList;
			buildConfigurations = (
				02A5BFBB232C932E00E85495 /* Debug */,
				02343ECC2348C5C6006E20F5 /* Test */,
				02A5BFBC232C932E00E85495 /* Release */,
			);
			defaultConfigurationIsVisible = 0;
			defaultConfigurationName = Release;
		};
/* End XCConfigurationList section */

/* Begin XCVersionGroup section */
		02B816A62329E80F00C81F8D /* Video.xcdatamodeld */ = {
			isa = XCVersionGroup;
			children = (
				02B816A72329E80F00C81F8D /* Video.xcdatamodel */,
			);
			currentVersion = 02B816A72329E80F00C81F8D /* Video.xcdatamodel */;
			path = Video.xcdatamodeld;
			sourceTree = "<group>";
			versionGroupType = wrapper.xcdatamodel;
		};
/* End XCVersionGroup section */
	};
	rootObject = 026446F7232781A100822485 /* Project object */;
}
